
Microsoft Visual Studio Solution File, Format Version 12.00
# Visual Studio Version 16
VisualStudioVersion = 16.0.29418.71
MinimumVisualStudioVersion = 10.0.40219.1
Project("{9A19103F-16F7-4668-BE54-9A1E7A4F7556}") = "Mc2Tech.LawSuitsApi", "Mc2Tech.LawSuitsApi\Mc2Tech.LawSuitsApi.csproj", "{2FB04EB0-5305-4F9A-887A-A394074E11C1}"
EndProject
Project("{9A19103F-16F7-4668-BE54-9A1E7A4F7556}") = "FluentSwaggerTests", "FluentSwaggerTests\FluentSwaggerTests.csproj", "{E1254CD0-372A-4AD6-9798-06EE7A7AD1B5}"
EndProject
Project("{9A19103F-16F7-4668-BE54-9A1E7A4F7556}") = "Mc2Tech.FluentSwagger", "Mc2Tech.FluentSwagger\Mc2Tech.FluentSwagger.csproj", "{D66498A6-E9FF-4AD5-8CE1-E25C9A5A573B}"
EndProject
Project("{9A19103F-16F7-4668-BE54-9A1E7A4F7556}") = "Mc2Tech.Pipelines", "Mc2Tech.AuditPipeline\Mc2Tech.Pipelines.csproj", "{EE437BEF-ABAF-4A69-B610-FA4F9BB9B4E2}"
EndProject
Project("{9A19103F-16F7-4668-BE54-9A1E7A4F7556}") = "Mc2Tech.Crosscutting", "Mc2Tech.Crosscutting\Mc2Tech.Crosscutting.csproj", "{4697B96A-4C67-4BD5-93DD-935F81FC666D}"
EndProject
Project("{9A19103F-16F7-4668-BE54-9A1E7A4F7556}") = "Mc2Tech.BaseApi", "Mc2Tech.BaseApi\Mc2Tech.BaseApi.csproj", "{C52F9B62-B015-45D6-AD67-E34ECB91927D}"
EndProject
Project("{9A19103F-16F7-4668-BE54-9A1E7A4F7556}") = "Mc2Tech.PersonsApi", "Mc2tech.PersonsApi\Mc2Tech.PersonsApi.csproj", "{E3E9448E-8DB5-4249-B4A0-7B0CC50585AE}"
EndProject
Project("{9A19103F-16F7-4668-BE54-9A1E7A4F7556}") = "Mc2Tech.LawSuitsApi.ServiceClient", "Mc2Tech.LawSuitsApi.ServiceClient\Mc2Tech.LawSuitsApi.ServiceClient.csproj", "{02CD1277-E436-438C-B721-6C3BA1251402}"
EndProject
Project("{9A19103F-16F7-4668-BE54-9A1E7A4F7556}") = "Mc2Tech.PersonsApi.ServiceClient", "Mc2Tech.PersonsApi.ServiceClient\Mc2Tech.PersonsApi.ServiceClient.csproj", "{CA6B7860-D0A7-485B-928C-A36C9C23A9C0}"
EndProject
Project("{9A19103F-16F7-4668-BE54-9A1E7A4F7556}") = "Mc2Tech.LawSuitsApi.Tests", "Mc2Tech.LawSuitsApi.Tests\Mc2Tech.LawSuitsApi.Tests.csproj", "{2DD4DCB5-CA39-4B0C-831C-CA8AAFBDF921}"
EndProject
Project("{9A19103F-16F7-4668-BE54-9A1E7A4F7556}") = "Mc2Tech.BaseTests", "Mc2Tech.BaseTests\Mc2Tech.BaseTests.csproj", "{B73F20E9-F6A1-48F0-A667-4500D44DFDD7}"
EndProject
Project("{2150E333-8FDC-42A3-9474-1A3956D46DE8}") = "Solution Items", "Solution Items", "{B007CB43-2A74-4BAA-BD30-E28E80CC7B73}"
	ProjectSection(SolutionItems) = preProject
		docker-compose.debug.yml = docker-compose.debug.yml
		docker-compose.yml = docker-compose.yml
		Dockerfile-LawSuitsApi = Dockerfile-LawSuitsApi
		Dockerfile-PersonsApi = Dockerfile-PersonsApi
		LICENSE.md = LICENSE.md
		README.md = README.md
	EndProjectSection
EndProject
Global
	GlobalSection(SolutionConfigurationPlatforms) = preSolution
		Debug|Any CPU = Debug|Any CPU
		Release|Any CPU = Release|Any CPU
	EndGlobalSection
	GlobalSection(ProjectConfigurationPlatforms) = postSolution
		{2FB04EB0-5305-4F9A-887A-A394074E11C1}.Debug|Any CPU.ActiveCfg = Debug|Any CPU
		{2FB04EB0-5305-4F9A-887A-A394074E11C1}.Debug|Any CPU.Build.0 = Debug|Any CPU
		{2FB04EB0-5305-4F9A-887A-A394074E11C1}.Release|Any CPU.ActiveCfg = Release|Any CPU
		{2FB04EB0-5305-4F9A-887A-A394074E11C1}.Release|Any CPU.Build.0 = Release|Any CPU
		{E1254CD0-372A-4AD6-9798-06EE7A7AD1B5}.Debug|Any CPU.ActiveCfg = Debug|Any CPU
		{E1254CD0-372A-4AD6-9798-06EE7A7AD1B5}.Debug|Any CPU.Build.0 = Debug|Any CPU
		{E1254CD0-372A-4AD6-9798-06EE7A7AD1B5}.Release|Any CPU.ActiveCfg = Release|Any CPU
		{E1254CD0-372A-4AD6-9798-06EE7A7AD1B5}.Release|Any CPU.Build.0 = Release|Any CPU
		{D66498A6-E9FF-4AD5-8CE1-E25C9A5A573B}.Debug|Any CPU.ActiveCfg = Debug|Any CPU
		{D66498A6-E9FF-4AD5-8CE1-E25C9A5A573B}.Debug|Any CPU.Build.0 = Debug|Any CPU
		{D66498A6-E9FF-4AD5-8CE1-E25C9A5A573B}.Release|Any CPU.ActiveCfg = Release|Any CPU
		{D66498A6-E9FF-4AD5-8CE1-E25C9A5A573B}.Release|Any CPU.Build.0 = Release|Any CPU
		{EE437BEF-ABAF-4A69-B610-FA4F9BB9B4E2}.Debug|Any CPU.ActiveCfg = Debug|Any CPU
		{EE437BEF-ABAF-4A69-B610-FA4F9BB9B4E2}.Debug|Any CPU.Build.0 = Debug|Any CPU
		{EE437BEF-ABAF-4A69-B610-FA4F9BB9B4E2}.Release|Any CPU.ActiveCfg = Release|Any CPU
		{EE437BEF-ABAF-4A69-B610-FA4F9BB9B4E2}.Release|Any CPU.Build.0 = Release|Any CPU
		{4697B96A-4C67-4BD5-93DD-935F81FC666D}.Debug|Any CPU.ActiveCfg = Debug|Any CPU
		{4697B96A-4C67-4BD5-93DD-935F81FC666D}.Debug|Any CPU.Build.0 = Debug|Any CPU
		{4697B96A-4C67-4BD5-93DD-935F81FC666D}.Release|Any CPU.ActiveCfg = Release|Any CPU
		{4697B96A-4C67-4BD5-93DD-935F81FC666D}.Release|Any CPU.Build.0 = Release|Any CPU
		{C52F9B62-B015-45D6-AD67-E34ECB91927D}.Debug|Any CPU.ActiveCfg = Debug|Any CPU
		{C52F9B62-B015-45D6-AD67-E34ECB91927D}.Debug|Any CPU.Build.0 = Debug|Any CPU
		{C52F9B62-B015-45D6-AD67-E34ECB91927D}.Release|Any CPU.ActiveCfg = Release|Any CPU
		{C52F9B62-B015-45D6-AD67-E34ECB91927D}.Release|Any CPU.Build.0 = Release|Any CPU
		{E3E9448E-8DB5-4249-B4A0-7B0CC50585AE}.Debug|Any CPU.ActiveCfg = Debug|Any CPU
		{E3E9448E-8DB5-4249-B4A0-7B0CC50585AE}.Debug|Any CPU.Build.0 = Debug|Any CPU
		{E3E9448E-8DB5-4249-B4A0-7B0CC50585AE}.Release|Any CPU.ActiveCfg = Release|Any CPU
		{E3E9448E-8DB5-4249-B4A0-7B0CC50585AE}.Release|Any CPU.Build.0 = Release|Any CPU
		{02CD1277-E436-438C-B721-6C3BA1251402}.Debug|Any CPU.ActiveCfg = Debug|Any CPU
		{02CD1277-E436-438C-B721-6C3BA1251402}.Debug|Any CPU.Build.0 = Debug|Any CPU
		{02CD1277-E436-438C-B721-6C3BA1251402}.Release|Any CPU.ActiveCfg = Release|Any CPU
		{02CD1277-E436-438C-B721-6C3BA1251402}.Release|Any CPU.Build.0 = Release|Any CPU
		{CA6B7860-D0A7-485B-928C-A36C9C23A9C0}.Debug|Any CPU.ActiveCfg = Debug|Any CPU
		{CA6B7860-D0A7-485B-928C-A36C9C23A9C0}.Debug|Any CPU.Build.0 = Debug|Any CPU
		{CA6B7860-D0A7-485B-928C-A36C9C23A9C0}.Release|Any CPU.ActiveCfg = Release|Any CPU
		{CA6B7860-D0A7-485B-928C-A36C9C23A9C0}.Release|Any CPU.Build.0 = Release|Any CPU
		{2DD4DCB5-CA39-4B0C-831C-CA8AAFBDF921}.Debug|Any CPU.ActiveCfg = Debug|Any CPU
		{2DD4DCB5-CA39-4B0C-831C-CA8AAFBDF921}.Debug|Any CPU.Build.0 = Debug|Any CPU
		{2DD4DCB5-CA39-4B0C-831C-CA8AAFBDF921}.Release|Any CPU.ActiveCfg = Release|Any CPU
		{2DD4DCB5-CA39-4B0C-831C-CA8AAFBDF921}.Release|Any CPU.Build.0 = Release|Any CPU
		{B73F20E9-F6A1-48F0-A667-4500D44DFDD7}.Debug|Any CPU.ActiveCfg = Debug|Any CPU
		{B73F20E9-F6A1-48F0-A667-4500D44DFDD7}.Debug|Any CPU.Build.0 = Debug|Any CPU
		{B73F20E9-F6A1-48F0-A667-4500D44DFDD7}.Release|Any CPU.ActiveCfg = Release|Any CPU
		{B73F20E9-F6A1-48F0-A667-4500D44DFDD7}.Release|Any CPU.Build.0 = Release|Any CPU
	EndGlobalSection
	GlobalSection(SolutionProperties) = preSolution
		HideSolutionNode = FALSE
	EndGlobalSection
	GlobalSection(ExtensibilityGlobals) = postSolution
		SolutionGuid = {2A637005-22CC-4176-BCD8-F799580B67E8}
	EndGlobalSection
EndGlobal
